
Microsoft Visual Studio Solution File, Format Version 12.00
# Visual Studio Version 17
VisualStudioVersion = 17.3.32922.545
MinimumVisualStudioVersion = 10.0.40219.1
Project("{FAE04EC0-301F-11D3-BF4B-00C04F79EFBC}") = "ProyectoPrograV", "ProyectoPrograV\ProyectoPrograV.csproj", "{D64DB5D9-15FA-44FC-85E9-4B78273009BF}"
EndProject
Project("{FAE04EC0-301F-11D3-BF4B-00C04F79EFBC}") = "WebProyecto", "WebProyecto\WebProyecto.csproj", "{6C2B35EF-28BC-4DD9-AEA7-A9FD92D5DF81}"
EndProject
Global
	GlobalSection(SolutionConfigurationPlatforms) = preSolution
		Debug|Any CPU = Debug|Any CPU
		Release|Any CPU = Release|Any CPU
	EndGlobalSection
	GlobalSection(ProjectConfigurationPlatforms) = postSolution
		{D64DB5D9-15FA-44FC-85E9-4B78273009BF}.Debug|Any CPU.ActiveCfg = Debug|Any CPU
		{D64DB5D9-15FA-44FC-85E9-4B78273009BF}.Debug|Any CPU.Build.0 = Debug|Any CPU
		{D64DB5D9-15FA-44FC-85E9-4B78273009BF}.Release|Any CPU.ActiveCfg = Release|Any CPU
		{D64DB5D9-15FA-44FC-85E9-4B78273009BF}.Release|Any CPU.Build.0 = Release|Any CPU
		{6C2B35EF-28BC-4DD9-AEA7-A9FD92D5DF81}.Debug|Any CPU.ActiveCfg = Debug|Any CPU
		{6C2B35EF-28BC-4DD9-AEA7-A9FD92D5DF81}.Debug|Any CPU.Build.0 = Debug|Any CPU
		{6C2B35EF-28BC-4DD9-AEA7-A9FD92D5DF81}.Release|Any CPU.ActiveCfg = Release|Any CPU
		{6C2B35EF-28BC-4DD9-AEA7-A9FD92D5DF81}.Release|Any CPU.Build.0 = Release|Any CPU
	EndGlobalSection
	GlobalSection(SolutionProperties) = preSolution
		HideSolutionNode = FALSE
	EndGlobalSection
	GlobalSection(ExtensibilityGlobals) = postSolution
		SolutionGuid = {E1804AA7-A6D3-4B98-ABE4-1AD22C4131A7}
	EndGlobalSection
EndGlobal
